
Microsoft Visual Studio Solution File, Format Version 12.00
# Visual Studio 15
VisualStudioVersion = 15.0.28307.489
MinimumVisualStudioVersion = 10.0.40219.1
Project("{9A19103F-16F7-4668-BE54-9A1E7A4F7556}") = "posmn-send-mail", "posmn-send-mail\posmn-send-mail.csproj", "{D695943F-72EF-4653-BC03-1DD30CC4B2BB}"
EndProject
Project("{9A19103F-16F7-4668-BE54-9A1E7A4F7556}") = "posmn-coin-info", "posmn-coin-info\posmn-coin-info.csproj", "{328C18C5-B61D-45AE-B896-2AE854E7DD3C}"
EndProject
Project("{9A19103F-16F7-4668-BE54-9A1E7A4F7556}") = "coingecko-importer", "coingecko-importer\coingecko-importer.csproj", "{7D29F814-8B72-47B7-AE0C-201DC356CEAD}"
EndProject
Project("{9A19103F-16F7-4668-BE54-9A1E7A4F7556}") = "Posmn.CoinData", "Posmn.CoinData\Posmn.CoinData.csproj", "{63D1DEC1-FF10-4D77-A18C-6C3DEF1E1E16}"
EndProject
Project("{9A19103F-16F7-4668-BE54-9A1E7A4F7556}") = "monkey-importer", "monkey-importer\monkey-importer.csproj", "{680C6A3A-6D9E-4995-8E5F-1609851D45FE}"
EndProject
Project("{9A19103F-16F7-4668-BE54-9A1E7A4F7556}") = "posmn-rating", "posmn-rating\posmn-rating.csproj", "{684812ED-1856-406A-B76A-10047372AD8E}"
EndProject
Project("{FAE04EC0-301F-11D3-BF4B-00C04F79EFBC}") = "Posmn.RatingData", "Posmn.RatingData\Posmn.RatingData.csproj", "{E47E0D6F-F9EF-4679-9E82-AFABEA84E9CF}"
EndProject
Global
	GlobalSection(SolutionConfigurationPlatforms) = preSolution
		Debug|Any CPU = Debug|Any CPU
		Release|Any CPU = Release|Any CPU
	EndGlobalSection
	GlobalSection(ProjectConfigurationPlatforms) = postSolution
		{D695943F-72EF-4653-BC03-1DD30CC4B2BB}.Debug|Any CPU.ActiveCfg = Debug|Any CPU
		{D695943F-72EF-4653-BC03-1DD30CC4B2BB}.Debug|Any CPU.Build.0 = Debug|Any CPU
		{D695943F-72EF-4653-BC03-1DD30CC4B2BB}.Release|Any CPU.ActiveCfg = Release|Any CPU
		{D695943F-72EF-4653-BC03-1DD30CC4B2BB}.Release|Any CPU.Build.0 = Release|Any CPU
		{328C18C5-B61D-45AE-B896-2AE854E7DD3C}.Debug|Any CPU.ActiveCfg = Debug|Any CPU
		{328C18C5-B61D-45AE-B896-2AE854E7DD3C}.Debug|Any CPU.Build.0 = Debug|Any CPU
		{328C18C5-B61D-45AE-B896-2AE854E7DD3C}.Release|Any CPU.ActiveCfg = Release|Any CPU
		{328C18C5-B61D-45AE-B896-2AE854E7DD3C}.Release|Any CPU.Build.0 = Release|Any CPU
		{7D29F814-8B72-47B7-AE0C-201DC356CEAD}.Debug|Any CPU.ActiveCfg = Debug|Any CPU
		{7D29F814-8B72-47B7-AE0C-201DC356CEAD}.Debug|Any CPU.Build.0 = Debug|Any CPU
		{7D29F814-8B72-47B7-AE0C-201DC356CEAD}.Release|Any CPU.ActiveCfg = Release|Any CPU
		{7D29F814-8B72-47B7-AE0C-201DC356CEAD}.Release|Any CPU.Build.0 = Release|Any CPU
		{63D1DEC1-FF10-4D77-A18C-6C3DEF1E1E16}.Debug|Any CPU.ActiveCfg = Debug|Any CPU
		{63D1DEC1-FF10-4D77-A18C-6C3DEF1E1E16}.Debug|Any CPU.Build.0 = Debug|Any CPU
		{63D1DEC1-FF10-4D77-A18C-6C3DEF1E1E16}.Release|Any CPU.ActiveCfg = Release|Any CPU
		{63D1DEC1-FF10-4D77-A18C-6C3DEF1E1E16}.Release|Any CPU.Build.0 = Release|Any CPU
		{680C6A3A-6D9E-4995-8E5F-1609851D45FE}.Debug|Any CPU.ActiveCfg = Debug|Any CPU
		{680C6A3A-6D9E-4995-8E5F-1609851D45FE}.Debug|Any CPU.Build.0 = Debug|Any CPU
		{680C6A3A-6D9E-4995-8E5F-1609851D45FE}.Release|Any CPU.ActiveCfg = Release|Any CPU
		{680C6A3A-6D9E-4995-8E5F-1609851D45FE}.Release|Any CPU.Build.0 = Release|Any CPU
		{684812ED-1856-406A-B76A-10047372AD8E}.Debug|Any CPU.ActiveCfg = Debug|Any CPU
		{684812ED-1856-406A-B76A-10047372AD8E}.Debug|Any CPU.Build.0 = Debug|Any CPU
		{684812ED-1856-406A-B76A-10047372AD8E}.Release|Any CPU.ActiveCfg = Release|Any CPU
		{684812ED-1856-406A-B76A-10047372AD8E}.Release|Any CPU.Build.0 = Release|Any CPU
		{E47E0D6F-F9EF-4679-9E82-AFABEA84E9CF}.Debug|Any CPU.ActiveCfg = Debug|Any CPU
		{E47E0D6F-F9EF-4679-9E82-AFABEA84E9CF}.Debug|Any CPU.Build.0 = Debug|Any CPU
		{E47E0D6F-F9EF-4679-9E82-AFABEA84E9CF}.Release|Any CPU.ActiveCfg = Release|Any CPU
		{E47E0D6F-F9EF-4679-9E82-AFABEA84E9CF}.Release|Any CPU.Build.0 = Release|Any CPU
	EndGlobalSection
	GlobalSection(SolutionProperties) = preSolution
		HideSolutionNode = FALSE
	EndGlobalSection
	GlobalSection(ExtensibilityGlobals) = postSolution
		SolutionGuid = {8193395F-2CA3-4729-B030-A622191C9955}
	EndGlobalSection
EndGlobal
